
Microsoft Visual Studio Solution File, Format Version 12.00
# Visual Studio 2012
Project("{FAE04EC0-301F-11D3-BF4B-00C04F79EFBC}") = "GSMApplication", "GSMApplication\GSMApplication.csproj", "{D9AEC9BE-9945-46CD-8D32-C0938E584CC1}"
EndProject
Project("{FAE04EC0-301F-11D3-BF4B-00C04F79EFBC}") = "Duplicator", "Duplicator\Duplicator.csproj", "{4FA11082-6C4E-4C26-8F97-B0D3C48A9693}"
EndProject
Project("{FAE04EC0-301F-11D3-BF4B-00C04F79EFBC}") = "CellTrack", "CellTrack\CellTrack.csproj", "{224AC313-1D8D-461E-B28B-E5FFA831B7F8}"
	ProjectSection(ProjectDependencies) = postProject
		{7316584D-9A16-4280-A8AB-6D45198C6E4D} = {7316584D-9A16-4280-A8AB-6D45198C6E4D}
		{7119F65C-4FDD-4F4A-BD9B-718F17A2DF28} = {7119F65C-4FDD-4F4A-BD9B-718F17A2DF28}
		{E06DEF77-F933-42FB-AFD7-DB2D0D8D6A98} = {E06DEF77-F933-42FB-AFD7-DB2D0D8D6A98}
		{BB41AC8B-CBED-4387-A7E0-4567EDB3F57F} = {BB41AC8B-CBED-4387-A7E0-4567EDB3F57F}
		{D0C39D9D-BED0-418B-9A5E-713176CAF40C} = {D0C39D9D-BED0-418B-9A5E-713176CAF40C}
		{5A2FCAE8-C2FA-41BD-90EA-16103EA07B26} = {5A2FCAE8-C2FA-41BD-90EA-16103EA07B26}
	EndProjectSection
EndProject
Project("{2150E333-8FDC-42A3-9474-1A3956D46DE8}") = "CellTrackProject", "CellTrackProject", "{AF45D4B8-624E-43FB-BF60-D8C0B449B631}"
EndProject
Project("{FAE04EC0-301F-11D3-BF4B-00C04F79EFBC}") = "CellTrackLauncher", "CellTrackLauncher\CellTrackLauncher.csproj", "{6C900757-DB6B-4732-B87A-7EE4E1E0B13F}"
EndProject
Project("{FAE04EC0-301F-11D3-BF4B-00C04F79EFBC}") = "ShutDownServer", "ShutDownServer\ShutDownServer.csproj", "{08ED7DC5-CEA7-4086-AB5E-DB9C7EE9C868}"
	ProjectSection(ProjectDependencies) = postProject
		{7316584D-9A16-4280-A8AB-6D45198C6E4D} = {7316584D-9A16-4280-A8AB-6D45198C6E4D}
		{BB41AC8B-CBED-4387-A7E0-4567EDB3F57F} = {BB41AC8B-CBED-4387-A7E0-4567EDB3F57F}
		{5A2FCAE8-C2FA-41BD-90EA-16103EA07B26} = {5A2FCAE8-C2FA-41BD-90EA-16103EA07B26}
	EndProjectSection
EndProject
Project("{2150E333-8FDC-42A3-9474-1A3956D46DE8}") = "Utils", "Utils", "{7D3C3E02-8EBB-4E02-B546-4B5540721005}"
EndProject
Project("{2150E333-8FDC-42A3-9474-1A3956D46DE8}") = "MetroUI", "MetroUI", "{1F7560A9-E7CA-4AC4-8DDF-F2577CE7E451}"
EndProject
Project("{FAE04EC0-301F-11D3-BF4B-00C04F79EFBC}") = "HLR", "HLR\HLR.csproj", "{6388342F-5887-4713-BD07-1DE77B273303}"
	ProjectSection(ProjectDependencies) = postProject
		{7316584D-9A16-4280-A8AB-6D45198C6E4D} = {7316584D-9A16-4280-A8AB-6D45198C6E4D}
		{BB41AC8B-CBED-4387-A7E0-4567EDB3F57F} = {BB41AC8B-CBED-4387-A7E0-4567EDB3F57F}
		{5A2FCAE8-C2FA-41BD-90EA-16103EA07B26} = {5A2FCAE8-C2FA-41BD-90EA-16103EA07B26}
	EndProjectSection
EndProject
Project("{2150E333-8FDC-42A3-9474-1A3956D46DE8}") = "GMap", "GMap", "{E3F6E561-F0BD-4004-B0BB-7E78F42780AD}"
EndProject
Project("{2150E333-8FDC-42A3-9474-1A3956D46DE8}") = "Classes", "Classes", "{B401714D-53BB-4C7C-98B0-291E944D67EA}"
EndProject
Project("{FAE04EC0-301F-11D3-BF4B-00C04F79EFBC}") = "enums", "enums\enums.csproj", "{7119F65C-4FDD-4F4A-BD9B-718F17A2DF28}"
EndProject
Project("{FAE04EC0-301F-11D3-BF4B-00C04F79EFBC}") = "DAL", "Utils\DAL\DAL.csproj", "{CC48EC1C-146B-461A-A330-84463EBBE219}"
EndProject
Project("{FAE04EC0-301F-11D3-BF4B-00C04F79EFBC}") = "GMap.NET.Core", "Utils\GMap\GMap.NET.Core\GMap.NET.Core.csproj", "{D0C39D9D-BED0-418B-9A5E-713176CAF40C}"
EndProject
Project("{FAE04EC0-301F-11D3-BF4B-00C04F79EFBC}") = "GMap.NET.WindowsForms", "Utils\GMap\GMap.NET.WindowsForms\GMap.NET.WindowsForms.csproj", "{E06DEF77-F933-42FB-AFD7-DB2D0D8D6A98}"
EndProject
Project("{FAE04EC0-301F-11D3-BF4B-00C04F79EFBC}") = "MetroFramework", "Utils\metroframework\MetroFramework\MetroFramework.csproj", "{BB41AC8B-CBED-4387-A7E0-4567EDB3F57F}"
EndProject
Project("{FAE04EC0-301F-11D3-BF4B-00C04F79EFBC}") = "MetroFramework.Design", "Utils\metroframework\MetroFramework.Design\MetroFramework.Design.csproj", "{7316584D-9A16-4280-A8AB-6D45198C6E4D}"
EndProject
Project("{FAE04EC0-301F-11D3-BF4B-00C04F79EFBC}") = "MetroFramework.Fonts", "Utils\metroframework\MetroFramework.Fonts\MetroFramework.Fonts.csproj", "{5A2FCAE8-C2FA-41BD-90EA-16103EA07B26}"
EndProject
Global
	GlobalSection(SolutionConfigurationPlatforms) = preSolution
		Debug|Any CPU = Debug|Any CPU
		Debug|x86 = Debug|x86
		EasyTest|Any CPU = EasyTest|Any CPU
		EasyTest|x86 = EasyTest|x86
		Release|Any CPU = Release|Any CPU
		Release|x86 = Release|x86
		Description = Proyecto que alberga sistemas referentes a soluciones de telefónia
	EndGlobalSection
	GlobalSection(ProjectConfigurationPlatforms) = postSolution
		{D9AEC9BE-9945-46CD-8D32-C0938E584CC1}.Debug|Any CPU.ActiveCfg = Release|Any CPU
		{D9AEC9BE-9945-46CD-8D32-C0938E584CC1}.Debug|x86.ActiveCfg = Debug|Any CPU
		{D9AEC9BE-9945-46CD-8D32-C0938E584CC1}.EasyTest|Any CPU.ActiveCfg = Release|Any CPU
		{D9AEC9BE-9945-46CD-8D32-C0938E584CC1}.EasyTest|Any CPU.Build.0 = Release|Any CPU
		{D9AEC9BE-9945-46CD-8D32-C0938E584CC1}.EasyTest|x86.ActiveCfg = Release|Any CPU
		{D9AEC9BE-9945-46CD-8D32-C0938E584CC1}.Release|Any CPU.ActiveCfg = Release|Any CPU
		{D9AEC9BE-9945-46CD-8D32-C0938E584CC1}.Release|Any CPU.Build.0 = Release|Any CPU
		{D9AEC9BE-9945-46CD-8D32-C0938E584CC1}.Release|x86.ActiveCfg = Release|Any CPU
		{4FA11082-6C4E-4C26-8F97-B0D3C48A9693}.Debug|Any CPU.ActiveCfg = Debug|Any CPU
		{4FA11082-6C4E-4C26-8F97-B0D3C48A9693}.Debug|x86.ActiveCfg = Debug|Any CPU
		{4FA11082-6C4E-4C26-8F97-B0D3C48A9693}.EasyTest|Any CPU.ActiveCfg = Release|Any CPU
		{4FA11082-6C4E-4C26-8F97-B0D3C48A9693}.EasyTest|Any CPU.Build.0 = Release|Any CPU
		{4FA11082-6C4E-4C26-8F97-B0D3C48A9693}.EasyTest|x86.ActiveCfg = Release|Any CPU
		{4FA11082-6C4E-4C26-8F97-B0D3C48A9693}.Release|Any CPU.ActiveCfg = Release|Any CPU
		{4FA11082-6C4E-4C26-8F97-B0D3C48A9693}.Release|Any CPU.Build.0 = Release|Any CPU
		{4FA11082-6C4E-4C26-8F97-B0D3C48A9693}.Release|x86.ActiveCfg = Release|Any CPU
		{224AC313-1D8D-461E-B28B-E5FFA831B7F8}.Debug|Any CPU.ActiveCfg = Debug|Any CPU
		{224AC313-1D8D-461E-B28B-E5FFA831B7F8}.Debug|Any CPU.Build.0 = Debug|Any CPU
		{224AC313-1D8D-461E-B28B-E5FFA831B7F8}.Debug|x86.ActiveCfg = Debug|Any CPU
		{224AC313-1D8D-461E-B28B-E5FFA831B7F8}.EasyTest|Any CPU.ActiveCfg = Release|Any CPU
		{224AC313-1D8D-461E-B28B-E5FFA831B7F8}.EasyTest|Any CPU.Build.0 = Release|Any CPU
		{224AC313-1D8D-461E-B28B-E5FFA831B7F8}.EasyTest|x86.ActiveCfg = Release|Any CPU
		{224AC313-1D8D-461E-B28B-E5FFA831B7F8}.Release|Any CPU.ActiveCfg = Release|Any CPU
		{224AC313-1D8D-461E-B28B-E5FFA831B7F8}.Release|Any CPU.Build.0 = Release|Any CPU
		{224AC313-1D8D-461E-B28B-E5FFA831B7F8}.Release|x86.ActiveCfg = Release|Any CPU
		{6C900757-DB6B-4732-B87A-7EE4E1E0B13F}.Debug|Any CPU.ActiveCfg = Debug|Any CPU
		{6C900757-DB6B-4732-B87A-7EE4E1E0B13F}.Debug|Any CPU.Build.0 = Debug|Any CPU
		{6C900757-DB6B-4732-B87A-7EE4E1E0B13F}.Debug|x86.ActiveCfg = Debug|Any CPU
		{6C900757-DB6B-4732-B87A-7EE4E1E0B13F}.EasyTest|Any CPU.ActiveCfg = Release|Any CPU
		{6C900757-DB6B-4732-B87A-7EE4E1E0B13F}.EasyTest|Any CPU.Build.0 = Release|Any CPU
		{6C900757-DB6B-4732-B87A-7EE4E1E0B13F}.EasyTest|x86.ActiveCfg = Release|Any CPU
		{6C900757-DB6B-4732-B87A-7EE4E1E0B13F}.Release|Any CPU.ActiveCfg = Release|Any CPU
		{6C900757-DB6B-4732-B87A-7EE4E1E0B13F}.Release|Any CPU.Build.0 = Release|Any CPU
		{6C900757-DB6B-4732-B87A-7EE4E1E0B13F}.Release|x86.ActiveCfg = Release|Any CPU
		{08ED7DC5-CEA7-4086-AB5E-DB9C7EE9C868}.Debug|Any CPU.ActiveCfg = Debug|Any CPU
		{08ED7DC5-CEA7-4086-AB5E-DB9C7EE9C868}.Debug|x86.ActiveCfg = Debug|Any CPU
		{08ED7DC5-CEA7-4086-AB5E-DB9C7EE9C868}.EasyTest|Any CPU.ActiveCfg = Release|Any CPU
		{08ED7DC5-CEA7-4086-AB5E-DB9C7EE9C868}.EasyTest|Any CPU.Build.0 = Release|Any CPU
		{08ED7DC5-CEA7-4086-AB5E-DB9C7EE9C868}.EasyTest|x86.ActiveCfg = Release|Any CPU
		{08ED7DC5-CEA7-4086-AB5E-DB9C7EE9C868}.Release|Any CPU.ActiveCfg = Release|Any CPU
		{08ED7DC5-CEA7-4086-AB5E-DB9C7EE9C868}.Release|Any CPU.Build.0 = Release|Any CPU
		{08ED7DC5-CEA7-4086-AB5E-DB9C7EE9C868}.Release|x86.ActiveCfg = Release|Any CPU
		{6388342F-5887-4713-BD07-1DE77B273303}.Debug|Any CPU.ActiveCfg = Debug|Any CPU
		{6388342F-5887-4713-BD07-1DE77B273303}.Debug|Any CPU.Build.0 = Debug|Any CPU
		{6388342F-5887-4713-BD07-1DE77B273303}.Debug|x86.ActiveCfg = Debug|Any CPU
		{6388342F-5887-4713-BD07-1DE77B273303}.EasyTest|Any CPU.ActiveCfg = Release|Any CPU
		{6388342F-5887-4713-BD07-1DE77B273303}.EasyTest|Any CPU.Build.0 = Release|Any CPU
		{6388342F-5887-4713-BD07-1DE77B273303}.EasyTest|x86.ActiveCfg = Release|Any CPU
		{6388342F-5887-4713-BD07-1DE77B273303}.Release|Any CPU.ActiveCfg = Release|Any CPU
		{6388342F-5887-4713-BD07-1DE77B273303}.Release|Any CPU.Build.0 = Release|Any CPU
		{6388342F-5887-4713-BD07-1DE77B273303}.Release|x86.ActiveCfg = Release|Any CPU
		{7119F65C-4FDD-4F4A-BD9B-718F17A2DF28}.Debug|Any CPU.ActiveCfg = Release|Any CPU
		{7119F65C-4FDD-4F4A-BD9B-718F17A2DF28}.Debug|Any CPU.Build.0 = Release|Any CPU
		{7119F65C-4FDD-4F4A-BD9B-718F17A2DF28}.Debug|x86.ActiveCfg = Debug|Any CPU
		{7119F65C-4FDD-4F4A-BD9B-718F17A2DF28}.EasyTest|Any CPU.ActiveCfg = Release|Any CPU
		{7119F65C-4FDD-4F4A-BD9B-718F17A2DF28}.EasyTest|Any CPU.Build.0 = Release|Any CPU
		{7119F65C-4FDD-4F4A-BD9B-718F17A2DF28}.EasyTest|x86.ActiveCfg = Release|Any CPU
		{7119F65C-4FDD-4F4A-BD9B-718F17A2DF28}.Release|Any CPU.ActiveCfg = Release|Any CPU
		{7119F65C-4FDD-4F4A-BD9B-718F17A2DF28}.Release|Any CPU.Build.0 = Release|Any CPU
		{7119F65C-4FDD-4F4A-BD9B-718F17A2DF28}.Release|x86.ActiveCfg = Release|Any CPU
		{CC48EC1C-146B-461A-A330-84463EBBE219}.Debug|Any CPU.ActiveCfg = Release|Any CPU
		{CC48EC1C-146B-461A-A330-84463EBBE219}.Debug|Any CPU.Build.0 = Release|Any CPU
		{CC48EC1C-146B-461A-A330-84463EBBE219}.Debug|x86.ActiveCfg = Debug|Any CPU
		{CC48EC1C-146B-461A-A330-84463EBBE219}.EasyTest|Any CPU.ActiveCfg = Release|Any CPU
		{CC48EC1C-146B-461A-A330-84463EBBE219}.EasyTest|Any CPU.Build.0 = Release|Any CPU
		{CC48EC1C-146B-461A-A330-84463EBBE219}.EasyTest|x86.ActiveCfg = Release|Any CPU
		{CC48EC1C-146B-461A-A330-84463EBBE219}.Release|Any CPU.ActiveCfg = Release|Any CPU
		{CC48EC1C-146B-461A-A330-84463EBBE219}.Release|Any CPU.Build.0 = Release|Any CPU
		{CC48EC1C-146B-461A-A330-84463EBBE219}.Release|x86.ActiveCfg = Release|Any CPU
		{D0C39D9D-BED0-418B-9A5E-713176CAF40C}.Debug|Any CPU.ActiveCfg = Release|Any CPU
		{D0C39D9D-BED0-418B-9A5E-713176CAF40C}.Debug|Any CPU.Build.0 = Release|Any CPU
		{D0C39D9D-BED0-418B-9A5E-713176CAF40C}.Debug|x86.ActiveCfg = Debug|Any CPU
		{D0C39D9D-BED0-418B-9A5E-713176CAF40C}.EasyTest|Any CPU.ActiveCfg = Release|Any CPU
		{D0C39D9D-BED0-418B-9A5E-713176CAF40C}.EasyTest|Any CPU.Build.0 = Release|Any CPU
		{D0C39D9D-BED0-418B-9A5E-713176CAF40C}.EasyTest|x86.ActiveCfg = Release|Any CPU
		{D0C39D9D-BED0-418B-9A5E-713176CAF40C}.Release|Any CPU.ActiveCfg = Release|Any CPU
		{D0C39D9D-BED0-418B-9A5E-713176CAF40C}.Release|Any CPU.Build.0 = Release|Any CPU
		{D0C39D9D-BED0-418B-9A5E-713176CAF40C}.Release|x86.ActiveCfg = Release|Any CPU
		{E06DEF77-F933-42FB-AFD7-DB2D0D8D6A98}.Debug|Any CPU.ActiveCfg = Release|Any CPU
		{E06DEF77-F933-42FB-AFD7-DB2D0D8D6A98}.Debug|Any CPU.Build.0 = Release|Any CPU
		{E06DEF77-F933-42FB-AFD7-DB2D0D8D6A98}.Debug|x86.ActiveCfg = Debug|Any CPU
		{E06DEF77-F933-42FB-AFD7-DB2D0D8D6A98}.EasyTest|Any CPU.ActiveCfg = Release|Any CPU
		{E06DEF77-F933-42FB-AFD7-DB2D0D8D6A98}.EasyTest|Any CPU.Build.0 = Release|Any CPU
		{E06DEF77-F933-42FB-AFD7-DB2D0D8D6A98}.EasyTest|x86.ActiveCfg = Release|Any CPU
		{E06DEF77-F933-42FB-AFD7-DB2D0D8D6A98}.Release|Any CPU.ActiveCfg = Release|Any CPU
		{E06DEF77-F933-42FB-AFD7-DB2D0D8D6A98}.Release|Any CPU.Build.0 = Release|Any CPU
		{E06DEF77-F933-42FB-AFD7-DB2D0D8D6A98}.Release|x86.ActiveCfg = Release|Any CPU
		{BB41AC8B-CBED-4387-A7E0-4567EDB3F57F}.Debug|Any CPU.ActiveCfg = Release|Any CPU
		{BB41AC8B-CBED-4387-A7E0-4567EDB3F57F}.Debug|Any CPU.Build.0 = Release|Any CPU
		{BB41AC8B-CBED-4387-A7E0-4567EDB3F57F}.Debug|x86.ActiveCfg = Debug|x86
		{BB41AC8B-CBED-4387-A7E0-4567EDB3F57F}.Debug|x86.Build.0 = Debug|x86
		{BB41AC8B-CBED-4387-A7E0-4567EDB3F57F}.EasyTest|Any CPU.ActiveCfg = Release|Any CPU
		{BB41AC8B-CBED-4387-A7E0-4567EDB3F57F}.EasyTest|Any CPU.Build.0 = Release|Any CPU
		{BB41AC8B-CBED-4387-A7E0-4567EDB3F57F}.EasyTest|x86.ActiveCfg = Release|x86
		{BB41AC8B-CBED-4387-A7E0-4567EDB3F57F}.EasyTest|x86.Build.0 = Release|x86
		{BB41AC8B-CBED-4387-A7E0-4567EDB3F57F}.Release|Any CPU.ActiveCfg = Release|Any CPU
		{BB41AC8B-CBED-4387-A7E0-4567EDB3F57F}.Release|Any CPU.Build.0 = Release|Any CPU
		{BB41AC8B-CBED-4387-A7E0-4567EDB3F57F}.Release|x86.ActiveCfg = Release|x86
		{BB41AC8B-CBED-4387-A7E0-4567EDB3F57F}.Release|x86.Build.0 = Release|x86
		{7316584D-9A16-4280-A8AB-6D45198C6E4D}.Debug|Any CPU.ActiveCfg = Release|Any CPU
		{7316584D-9A16-4280-A8AB-6D45198C6E4D}.Debug|Any CPU.Build.0 = Release|Any CPU
		{7316584D-9A16-4280-A8AB-6D45198C6E4D}.Debug|x86.ActiveCfg = Debug|Any CPU
		{7316584D-9A16-4280-A8AB-6D45198C6E4D}.EasyTest|Any CPU.ActiveCfg = Release|Any CPU
		{7316584D-9A16-4280-A8AB-6D45198C6E4D}.EasyTest|Any CPU.Build.0 = Release|Any CPU
		{7316584D-9A16-4280-A8AB-6D45198C6E4D}.EasyTest|x86.ActiveCfg = Release|Any CPU
		{7316584D-9A16-4280-A8AB-6D45198C6E4D}.Release|Any CPU.ActiveCfg = Release|Any CPU
		{7316584D-9A16-4280-A8AB-6D45198C6E4D}.Release|Any CPU.Build.0 = Release|Any CPU
		{7316584D-9A16-4280-A8AB-6D45198C6E4D}.Release|x86.ActiveCfg = Release|Any CPU
		{5A2FCAE8-C2FA-41BD-90EA-16103EA07B26}.Debug|Any CPU.ActiveCfg = Release|Any CPU
		{5A2FCAE8-C2FA-41BD-90EA-16103EA07B26}.Debug|Any CPU.Build.0 = Release|Any CPU
		{5A2FCAE8-C2FA-41BD-90EA-16103EA07B26}.Debug|x86.ActiveCfg = Debug|Any CPU
		{5A2FCAE8-C2FA-41BD-90EA-16103EA07B26}.EasyTest|Any CPU.ActiveCfg = Release|Any CPU
		{5A2FCAE8-C2FA-41BD-90EA-16103EA07B26}.EasyTest|Any CPU.Build.0 = Release|Any CPU
		{5A2FCAE8-C2FA-41BD-90EA-16103EA07B26}.EasyTest|x86.ActiveCfg = Release|Any CPU
		{5A2FCAE8-C2FA-41BD-90EA-16103EA07B26}.Release|Any CPU.ActiveCfg = Release|Any CPU
		{5A2FCAE8-C2FA-41BD-90EA-16103EA07B26}.Release|Any CPU.Build.0 = Release|Any CPU
		{5A2FCAE8-C2FA-41BD-90EA-16103EA07B26}.Release|x86.ActiveCfg = Release|Any CPU
	EndGlobalSection
	GlobalSection(SolutionProperties) = preSolution
		HideSolutionNode = FALSE
	EndGlobalSection
	GlobalSection(NestedProjects) = preSolution
		{224AC313-1D8D-461E-B28B-E5FFA831B7F8} = {AF45D4B8-624E-43FB-BF60-D8C0B449B631}
		{6C900757-DB6B-4732-B87A-7EE4E1E0B13F} = {AF45D4B8-624E-43FB-BF60-D8C0B449B631}
		{08ED7DC5-CEA7-4086-AB5E-DB9C7EE9C868} = {AF45D4B8-624E-43FB-BF60-D8C0B449B631}
		{1F7560A9-E7CA-4AC4-8DDF-F2577CE7E451} = {7D3C3E02-8EBB-4E02-B546-4B5540721005}
		{E3F6E561-F0BD-4004-B0BB-7E78F42780AD} = {7D3C3E02-8EBB-4E02-B546-4B5540721005}
		{B401714D-53BB-4C7C-98B0-291E944D67EA} = {7D3C3E02-8EBB-4E02-B546-4B5540721005}
		{CC48EC1C-146B-461A-A330-84463EBBE219} = {7D3C3E02-8EBB-4E02-B546-4B5540721005}
		{BB41AC8B-CBED-4387-A7E0-4567EDB3F57F} = {1F7560A9-E7CA-4AC4-8DDF-F2577CE7E451}
		{7316584D-9A16-4280-A8AB-6D45198C6E4D} = {1F7560A9-E7CA-4AC4-8DDF-F2577CE7E451}
		{5A2FCAE8-C2FA-41BD-90EA-16103EA07B26} = {1F7560A9-E7CA-4AC4-8DDF-F2577CE7E451}
		{D0C39D9D-BED0-418B-9A5E-713176CAF40C} = {E3F6E561-F0BD-4004-B0BB-7E78F42780AD}
		{E06DEF77-F933-42FB-AFD7-DB2D0D8D6A98} = {E3F6E561-F0BD-4004-B0BB-7E78F42780AD}
		{7119F65C-4FDD-4F4A-BD9B-718F17A2DF28} = {B401714D-53BB-4C7C-98B0-291E944D67EA}
	EndGlobalSection
EndGlobal
